
Microsoft Visual Studio Solution File, Format Version 12.00
# Visual Studio Version 17
VisualStudioVersion = 17.5.002.0
MinimumVisualStudioVersion = 10.0.40219.1
Project("{9A19103F-16F7-4668-BE54-9A1E7A4F7556}") = "Practicabck", "Practicabck.csproj", "{A3DFFE47-E47B-46D9-863D-B7234315235E}"
EndProject
Global
	GlobalSection(SolutionConfigurationPlatforms) = preSolution
		Debug|Any CPU = Debug|Any CPU
		Release|Any CPU = Release|Any CPU
	EndGlobalSection
	GlobalSection(ProjectConfigurationPlatforms) = postSolution
		{A3DFFE47-E47B-46D9-863D-B7234315235E}.Debug|Any CPU.ActiveCfg = Debug|Any CPU
		{A3DFFE47-E47B-46D9-863D-B7234315235E}.Debug|Any CPU.Build.0 = Debug|Any CPU
		{A3DFFE47-E47B-46D9-863D-B7234315235E}.Release|Any CPU.ActiveCfg = Release|Any CPU
		{A3DFFE47-E47B-46D9-863D-B7234315235E}.Release|Any CPU.Build.0 = Release|Any CPU
	EndGlobalSection
	GlobalSection(SolutionProperties) = preSolution
		HideSolutionNode = FALSE
	EndGlobalSection
	GlobalSection(ExtensibilityGlobals) = postSolution
		SolutionGuid = {663E35AF-C747-44CE-BB32-3C4F000DBEC4}
	EndGlobalSection
EndGlobal
